
Microsoft Visual Studio Solution File, Format Version 12.00
# Visual Studio Version 16
VisualStudioVersion = 16.0.30907.101
MinimumVisualStudioVersion = 10.0.40219.1
Project("{FAE04EC0-301F-11D3-BF4B-00C04F79EFBC}") = "XGame.Domain", "src\Domain\XGame.Domain.csproj", "{E86B5A26-768C-4814-B2F8-71E6C53B181E}"
EndProject
Global
	GlobalSection(SolutionConfigurationPlatforms) = preSolution
		Debug|Any CPU = Debug|Any CPU
		Release|Any CPU = Release|Any CPU
	EndGlobalSection
	GlobalSection(ProjectConfigurationPlatforms) = postSolution
		{E86B5A26-768C-4814-B2F8-71E6C53B181E}.Debug|Any CPU.ActiveCfg = Debug|Any CPU
		{E86B5A26-768C-4814-B2F8-71E6C53B181E}.Debug|Any CPU.Build.0 = Debug|Any CPU
		{E86B5A26-768C-4814-B2F8-71E6C53B181E}.Release|Any CPU.ActiveCfg = Release|Any CPU
		{E86B5A26-768C-4814-B2F8-71E6C53B181E}.Release|Any CPU.Build.0 = Release|Any CPU
	EndGlobalSection
	GlobalSection(SolutionProperties) = preSolution
		HideSolutionNode = FALSE
	EndGlobalSection
	GlobalSection(ExtensibilityGlobals) = postSolution
		SolutionGuid = {29410E5F-686F-418D-8690-96D8A5192AB2}
	EndGlobalSection
EndGlobal
